
Microsoft Visual Studio Solution File, Format Version 12.00
# Visual Studio Version 17
VisualStudioVersion = 17.8.34322.80
MinimumVisualStudioVersion = 10.0.40219.1
Project("{FAE04EC0-301F-11D3-BF4B-00C04F79EFBC}") = "ReferenceTypes", "ReferenceTypes\ReferenceTypes.csproj", "{5061ADEC-2C69-4A8D-975C-91424F6E0E09}"
EndProject
Project("{FAE04EC0-301F-11D3-BF4B-00C04F79EFBC}") = "Constructors", "Constructors\Constructors.csproj", "{1C99BC82-42D6-4325-812C-DAF21D168333}"
EndProject
Project("{FAE04EC0-301F-11D3-BF4B-00C04F79EFBC}") = "Interfaces", "Interfaces\Interfaces.csproj", "{420A2A4C-C783-46E5-8D2F-170C3A9E19FE}"
EndProject
Project("{FAE04EC0-301F-11D3-BF4B-00C04F79EFBC}") = "Generics", "Generics\Generics.csproj", "{97E9C17E-FC40-4BC8-8E39-AB28BFCB2643}"
EndProject
Project("{FAE04EC0-301F-11D3-BF4B-00C04F79EFBC}") = "ThreadingDemo1", "ThreadingDemo1\ThreadingDemo1.csproj", "{2C3B6DAB-96EB-40AF-A1A2-B819A7695E42}"
EndProject
Global
	GlobalSection(SolutionConfigurationPlatforms) = preSolution
		Debug|Any CPU = Debug|Any CPU
		Release|Any CPU = Release|Any CPU
	EndGlobalSection
	GlobalSection(ProjectConfigurationPlatforms) = postSolution
		{5061ADEC-2C69-4A8D-975C-91424F6E0E09}.Debug|Any CPU.ActiveCfg = Debug|Any CPU
		{5061ADEC-2C69-4A8D-975C-91424F6E0E09}.Debug|Any CPU.Build.0 = Debug|Any CPU
		{5061ADEC-2C69-4A8D-975C-91424F6E0E09}.Release|Any CPU.ActiveCfg = Release|Any CPU
		{5061ADEC-2C69-4A8D-975C-91424F6E0E09}.Release|Any CPU.Build.0 = Release|Any CPU
		{1C99BC82-42D6-4325-812C-DAF21D168333}.Debug|Any CPU.ActiveCfg = Debug|Any CPU
		{1C99BC82-42D6-4325-812C-DAF21D168333}.Debug|Any CPU.Build.0 = Debug|Any CPU
		{1C99BC82-42D6-4325-812C-DAF21D168333}.Release|Any CPU.ActiveCfg = Release|Any CPU
		{1C99BC82-42D6-4325-812C-DAF21D168333}.Release|Any CPU.Build.0 = Release|Any CPU
		{420A2A4C-C783-46E5-8D2F-170C3A9E19FE}.Debug|Any CPU.ActiveCfg = Debug|Any CPU
		{420A2A4C-C783-46E5-8D2F-170C3A9E19FE}.Debug|Any CPU.Build.0 = Debug|Any CPU
		{420A2A4C-C783-46E5-8D2F-170C3A9E19FE}.Release|Any CPU.ActiveCfg = Release|Any CPU
		{420A2A4C-C783-46E5-8D2F-170C3A9E19FE}.Release|Any CPU.Build.0 = Release|Any CPU
		{97E9C17E-FC40-4BC8-8E39-AB28BFCB2643}.Debug|Any CPU.ActiveCfg = Debug|Any CPU
		{97E9C17E-FC40-4BC8-8E39-AB28BFCB2643}.Debug|Any CPU.Build.0 = Debug|Any CPU
		{97E9C17E-FC40-4BC8-8E39-AB28BFCB2643}.Release|Any CPU.ActiveCfg = Release|Any CPU
		{97E9C17E-FC40-4BC8-8E39-AB28BFCB2643}.Release|Any CPU.Build.0 = Release|Any CPU
		{2C3B6DAB-96EB-40AF-A1A2-B819A7695E42}.Debug|Any CPU.ActiveCfg = Debug|Any CPU
		{2C3B6DAB-96EB-40AF-A1A2-B819A7695E42}.Debug|Any CPU.Build.0 = Debug|Any CPU
		{2C3B6DAB-96EB-40AF-A1A2-B819A7695E42}.Release|Any CPU.ActiveCfg = Release|Any CPU
		{2C3B6DAB-96EB-40AF-A1A2-B819A7695E42}.Release|Any CPU.Build.0 = Release|Any CPU
	EndGlobalSection
	GlobalSection(SolutionProperties) = preSolution
		HideSolutionNode = FALSE
	EndGlobalSection
	GlobalSection(ExtensibilityGlobals) = postSolution
		SolutionGuid = {FAB8CA26-495D-4DEE-89BE-2184AB7A4FDF}
	EndGlobalSection
EndGlobal
